
Microsoft Visual Studio Solution File, Format Version 12.00
# Visual Studio 15
VisualStudioVersion = 15.0.27130.2010
MinimumVisualStudioVersion = 10.0.40219.1
Project("{FAE04EC0-301F-11D3-BF4B-00C04F79EFBC}") = "ConsoleAppPowerBI", "ConsoleAppPowerBI\ConsoleAppPowerBI.csproj", "{1F716C70-22C5-4093-A5BD-3D6DAB24C935}"
EndProject
Global
	GlobalSection(SolutionConfigurationPlatforms) = preSolution
		Debug|Any CPU = Debug|Any CPU
		Release|Any CPU = Release|Any CPU
	EndGlobalSection
	GlobalSection(ProjectConfigurationPlatforms) = postSolution
		{1F716C70-22C5-4093-A5BD-3D6DAB24C935}.Debug|Any CPU.ActiveCfg = Debug|Any CPU
		{1F716C70-22C5-4093-A5BD-3D6DAB24C935}.Debug|Any CPU.Build.0 = Debug|Any CPU
		{1F716C70-22C5-4093-A5BD-3D6DAB24C935}.Release|Any CPU.ActiveCfg = Release|Any CPU
		{1F716C70-22C5-4093-A5BD-3D6DAB24C935}.Release|Any CPU.Build.0 = Release|Any CPU
	EndGlobalSection
	GlobalSection(SolutionProperties) = preSolution
		HideSolutionNode = FALSE
	EndGlobalSection
	GlobalSection(ExtensibilityGlobals) = postSolution
		SolutionGuid = {B67FE2DA-8E56-48C5-B9C8-5AC4B29CD805}
	EndGlobalSection
EndGlobal
